// !$*UTF8*$!
{
	archiveVersion = 1;
	classes = {
	};
	objectVersion = 50;
	objects = {

/* Begin PBXBuildFile section */
		7F793FF721C143BB004F0809 /* AppDelegate.swift in Sources */ = {isa = PBXBuildFile; fileRef = 7F793FF621C143BB004F0809 /* AppDelegate.swift */; };
		7F793FF921C143BB004F0809 /* ViewController.swift in Sources */ = {isa = PBXBuildFile; fileRef = 7F793FF821C143BB004F0809 /* ViewController.swift */; };
		7F793FFC21C143BB004F0809 /* Main.storyboard in Resources */ = {isa = PBXBuildFile; fileRef = 7F793FFA21C143BB004F0809 /* Main.storyboard */; };
		7F793FFE21C143BC004F0809 /* Assets.xcassets in Resources */ = {isa = PBXBuildFile; fileRef = 7F793FFD21C143BC004F0809 /* Assets.xcassets */; };
		7F79400121C143BC004F0809 /* LaunchScreen.storyboard in Resources */ = {isa = PBXBuildFile; fileRef = 7F793FFF21C143BC004F0809 /* LaunchScreen.storyboard */; };
		7F79400C21C143BC004F0809 /* memoAppTests.swift in Sources */ = {isa = PBXBuildFile; fileRef = 7F79400B21C143BC004F0809 /* memoAppTests.swift */; };
		7F79401721C143BC004F0809 /* memoAppUITests.swift in Sources */ = {isa = PBXBuildFile; fileRef = 7F79401621C143BC004F0809 /* memoAppUITests.swift */; };
		7F79402521C1649B004F0809 /* InputMemoViewController.swift in Sources */ = {isa = PBXBuildFile; fileRef = 7F79402421C1649B004F0809 /* InputMemoViewController.swift */; };
/* End PBXBuildFile section */

/* Begin PBXContainerItemProxy section */
		7F79400821C143BC004F0809 /* PBXContainerItemProxy */ = {
			isa = PBXContainerItemProxy;
			containerPortal = 7F793FEB21C143BB004F0809 /* Project object */;
			proxyType = 1;
			remoteGlobalIDString = 7F793FF221C143BB004F0809;
			remoteInfo = memoApp;
		};
		7F79401321C143BC004F0809 /* PBXContainerItemProxy */ = {
			isa = PBXContainerItemProxy;
			containerPortal = 7F793FEB21C143BB004F0809 /* Project object */;
			proxyType = 1;
			remoteGlobalIDString = 7F793FF221C143BB004F0809;
			remoteInfo = memoApp;
		};
/* End PBXContainerItemProxy section */

/* Begin PBXFileReference section */
		7F793FF321C143BB004F0809 /* memoApp.app */ = {isa = PBXFileReference; explicitFileType = wrapper.application; includeInIndex = 0; path = memoApp.app; sourceTree = BUILT_PRODUCTS_DIR; };
		7F793FF621C143BB004F0809 /* AppDelegate.swift */ = {isa = PBXFileReference; lastKnownFileType = sourcecode.swift; path = AppDelegate.swift; sourceTree = "<group>"; };
		7F793FF821C143BB004F0809 /* ViewController.swift */ = {isa = PBXFileReference; lastKnownFileType = sourcecode.swift; path = ViewController.swift; sourceTree = "<group>"; };
		7F793FFB21C143BB004F0809 /* Base */ = {isa = PBXFileReference; lastKnownFileType = file.storyboard; name = Base; path = Base.lproj/Main.storyboard; sourceTree = "<group>"; };
		7F793FFD21C143BC004F0809 /* Assets.xcassets */ = {isa = PBXFileReference; lastKnownFileType = folder.assetcatalog; path = Assets.xcassets; sourceTree = "<group>"; };
		7F79400021C143BC004F0809 /* Base */ = {isa = PBXFileReference; lastKnownFileType = file.storyboard; name = Base; path = Base.lproj/LaunchScreen.storyboard; sourceTree = "<group>"; };
		7F79400221C143BC004F0809 /* Info.plist */ = {isa = PBXFileReference; lastKnownFileType = text.plist.xml; path = Info.plist; sourceTree = "<group>"; };
		7F79400721C143BC004F0809 /* memoAppTests.xctest */ = {isa = PBXFileReference; explicitFileType = wrapper.cfbundle; includeInIndex = 0; path = memoAppTests.xctest; sourceTree = BUILT_PRODUCTS_DIR; };
		7F79400B21C143BC004F0809 /* memoAppTests.swift */ = {isa = PBXFileReference; lastKnownFileType = sourcecode.swift; path = memoAppTests.swift; sourceTree = "<group>"; };
		7F79400D21C143BC004F0809 /* Info.plist */ = {isa = PBXFileReference; lastKnownFileType = text.plist.xml; path = Info.plist; sourceTree = "<group>"; };
		7F79401221C143BC004F0809 /* memoAppUITests.xctest */ = {isa = PBXFileReference; explicitFileType = wrapper.cfbundle; includeInIndex = 0; path = memoAppUITests.xctest; sourceTree = BUILT_PRODUCTS_DIR; };
		7F79401621C143BC004F0809 /* memoAppUITests.swift */ = {isa = PBXFileReference; lastKnownFileType = sourcecode.swift; path = memoAppUITests.swift; sourceTree = "<group>"; };
		7F79401821C143BC004F0809 /* Info.plist */ = {isa = PBXFileReference; lastKnownFileType = text.plist.xml; path = Info.plist; sourceTree = "<group>"; };
		7F79402421C1649B004F0809 /* InputMemoViewController.swift */ = {isa = PBXFileReference; lastKnownFileType = sourcecode.swift; path = InputMemoViewController.swift; sourceTree = "<group>"; };
/* End PBXFileReference section */

/* Begin PBXFrameworksBuildPhase section */
		7F793FF021C143BB004F0809 /* Frameworks */ = {
			isa = PBXFrameworksBuildPhase;
			buildActionMask = 2147483647;
			files = (
			);
			runOnlyForDeploymentPostprocessing = 0;
		};
		7F79400421C143BC004F0809 /* Frameworks */ = {
			isa = PBXFrameworksBuildPhase;
			buildActionMask = 2147483647;
			files = (
			);
			runOnlyForDeploymentPostprocessing = 0;
		};
		7F79400F21C143BC004F0809 /* Frameworks */ = {
			isa = PBXFrameworksBuildPhase;
			buildActionMask = 2147483647;
			files = (
			);
			runOnlyForDeploymentPostprocessing = 0;
		};
/* End PBXFrameworksBuildPhase section */

/* Begin PBXGroup section */
		7F793FEA21C143BB004F0809 = {
			isa = PBXGroup;
			children = (
				7F793FF521C143BB004F0809 /* memoApp */,
				7F79400A21C143BC004F0809 /* memoAppTests */,
				7F79401521C143BC004F0809 /* memoAppUITests */,
				7F793FF421C143BB004F0809 /* Products */,
			);
			sourceTree = "<group>";
		};
		7F793FF421C143BB004F0809 /* Products */ = {
			isa = PBXGroup;
			children = (
				7F793FF321C143BB004F0809 /* memoApp.app */,
				7F79400721C143BC004F0809 /* memoAppTests.xctest */,
				7F79401221C143BC004F0809 /* memoAppUITests.xctest */,
			);
			name = Products;
			sourceTree = "<group>";
		};
		7F793FF521C143BB004F0809 /* memoApp */ = {
			isa = PBXGroup;
			children = (
				7F793FF621C143BB004F0809 /* AppDelegate.swift */,
				7F793FF821C143BB004F0809 /* ViewController.swift */,
				7F793FFA21C143BB004F0809 /* Main.storyboard */,
				7F793FFD21C143BC004F0809 /* Assets.xcassets */,
				7F793FFF21C143BC004F0809 /* LaunchScreen.storyboard */,
				7F79400221C143BC004F0809 /* Info.plist */,
				7F79402421C1649B004F0809 /* InputMemoViewController.swift */,
			);
			path = memoApp;
			sourceTree = "<group>";
		};
		7F79400A21C143BC004F0809 /* memoAppTests */ = {
			isa = PBXGroup;
			children = (
				7F79400B21C143BC004F0809 /* memoAppTests.swift */,
				7F79400D21C143BC004F0809 /* Info.plist */,
			);
			path = memoAppTests;
			sourceTree = "<group>";
		};
		7F79401521C143BC004F0809 /* memoAppUITests */ = {
			isa = PBXGroup;
			children = (
				7F79401621C143BC004F0809 /* memoAppUITests.swift */,
				7F79401821C143BC004F0809 /* Info.plist */,
			);
			path = memoAppUITests;
			sourceTree = "<group>";
		};
/* End PBXGroup section */

/* Begin PBXNativeTarget section */
		7F793FF221C143BB004F0809 /* memoApp */ = {
			isa = PBXNativeTarget;
			buildConfigurationList = 7F79401B21C143BC004F0809 /* Build configuration list for PBXNativeTarget "memoApp" */;
			buildPhases = (
				7F793FEF21C143BB004F0809 /* Sources */,
				7F793FF021C143BB004F0809 /* Frameworks */,
				7F793FF121C143BB004F0809 /* Resources */,
			);
			buildRules = (
			);
			dependencies = (
			);
			name = memoApp;
			productName = memoApp;
			productReference = 7F793FF321C143BB004F0809 /* memoApp.app */;
			productType = "com.apple.product-type.application";
		};
		7F79400621C143BC004F0809 /* memoAppTests */ = {
			isa = PBXNativeTarget;
			buildConfigurationList = 7F79401E21C143BC004F0809 /* Build configuration list for PBXNativeTarget "memoAppTests" */;
			buildPhases = (
				7F79400321C143BC004F0809 /* Sources */,
				7F79400421C143BC004F0809 /* Frameworks */,
				7F79400521C143BC004F0809 /* Resources */,
			);
			buildRules = (
			);
			dependencies = (
				7F79400921C143BC004F0809 /* PBXTargetDependency */,
			);
			name = memoAppTests;
			productName = memoAppTests;
			productReference = 7F79400721C143BC004F0809 /* memoAppTests.xctest */;
			productType = "com.apple.product-type.bundle.unit-test";
		};
		7F79401121C143BC004F0809 /* memoAppUITests */ = {
			isa = PBXNativeTarget;
			buildConfigurationList = 7F79402121C143BC004F0809 /* Build configuration list for PBXNativeTarget "memoAppUITests" */;
			buildPhases = (
				7F79400E21C143BC004F0809 /* Sources */,
				7F79400F21C143BC004F0809 /* Frameworks */,
				7F79401021C143BC004F0809 /* Resources */,
			);
			buildRules = (
			);
			dependencies = (
				7F79401421C143BC004F0809 /* PBXTargetDependency */,
			);
			name = memoAppUITests;
			productName = memoAppUITests;
			productReference = 7F79401221C143BC004F0809 /* memoAppUITests.xctest */;
			productType = "com.apple.product-type.bundle.ui-testing";
		};
/* End PBXNativeTarget section */

/* Begin PBXProject section */
		7F793FEB21C143BB004F0809 /* Project object */ = {
			isa = PBXProject;
			attributes = {
				LastSwiftUpdateCheck = 1010;
				LastUpgradeCheck = 1010;
				ORGANIZATIONNAME = "reo harada";
				TargetAttributes = {
					7F793FF221C143BB004F0809 = {
						CreatedOnToolsVersion = 10.1;
					};
					7F79400621C143BC004F0809 = {
						CreatedOnToolsVersion = 10.1;
						TestTargetID = 7F793FF221C143BB004F0809;
					};
					7F79401121C143BC004F0809 = {
						CreatedOnToolsVersion = 10.1;
						TestTargetID = 7F793FF221C143BB004F0809;
					};
				};
			};
			buildConfigurationList = 7F793FEE21C143BB004F0809 /* Build configuration list for PBXProject "memoApp" */;
			compatibilityVersion = "Xcode 9.3";
			developmentRegion = en;
			hasScannedForEncodings = 0;
			knownRegions = (
				en,
				Base,
			);
			mainGroup = 7F793FEA21C143BB004F0809;
			productRefGroup = 7F793FF421C143BB004F0809 /* Products */;
			projectDirPath = "";
			projectRoot = "";
			targets = (
				7F793FF221C143BB004F0809 /* memoApp */,
				7F79400621C143BC004F0809 /* memoAppTests */,
				7F79401121C143BC004F0809 /* memoAppUITests */,
			);
		};
/* End PBXProject section */

/* Begin PBXResourcesBuildPhase section */
		7F793FF121C143BB004F0809 /* Resources */ = {
			isa = PBXResourcesBuildPhase;
			buildActionMask = 2147483647;
			files = (
				7F79400121C143BC004F0809 /* LaunchScreen.storyboard in Resources */,
				7F793FFE21C143BC004F0809 /* Assets.xcassets in Resources */,
				7F793FFC21C143BB004F0809 /* Main.storyboard in Resources */,
			);
			runOnlyForDeploymentPostprocessing = 0;
		};
		7F79400521C143BC004F0809 /* Resources */ = {
			isa = PBXResourcesBuildPhase;
			buildActionMask = 2147483647;
			files = (
			);
			runOnlyForDeploymentPostprocessing = 0;
		};
		7F79401021C143BC004F0809 /* Resources */ = {
			isa = PBXResourcesBuildPhase;
			buildActionMask = 2147483647;
			files = (
			);
			runOnlyForDeploymentPostprocessing = 0;
		};
/* End PBXResourcesBuildPhase section */

/* Begin PBXSourcesBuildPhase section */
		7F793FEF21C143BB004F0809 /* Sources */ = {
			isa = PBXSourcesBuildPhase;
			buildActionMask = 2147483647;
			files = (
				7F79402521C1649B004F0809 /* InputMemoViewController.swift in Sources */,
				7F793FF921C143BB004F0809 /* ViewController.swift in Sources */,
				7F793FF721C143BB004F0809 /* AppDelegate.swift in Sources */,
			);
			runOnlyForDeploymentPostprocessing = 0;
		};
		7F79400321C143BC004F0809 /* Sources */ = {
			isa = PBXSourcesBuildPhase;
			buildActionMask = 2147483647;
			files = (
				7F79400C21C143BC004F0809 /* memoAppTests.swift in Sources */,
			);
			runOnlyForDeploymentPostprocessing = 0;
		};
		7F79400E21C143BC004F0809 /* Sources */ = {
			isa = PBXSourcesBuildPhase;
			buildActionMask = 2147483647;
			files = (
				7F79401721C143BC004F0809 /* memoAppUITests.swift in Sources */,
			);
			runOnlyForDeploymentPostprocessing = 0;
		};
/* End PBXSourcesBuildPhase section */

/* Begin PBXTargetDependency section */
		7F79400921C143BC004F0809 /* PBXTargetDependency */ = {
			isa = PBXTargetDependency;
			target = 7F793FF221C143BB004F0809 /* memoApp */;
			targetProxy = 7F79400821C143BC004F0809 /* PBXContainerItemProxy */;
		};
		7F79401421C143BC004F0809 /* PBXTargetDependency */ = {
			isa = PBXTargetDependency;
			target = 7F793FF221C143BB004F0809 /* memoApp */;
			targetProxy = 7F79401321C143BC004F0809 /* PBXContainerItemProxy */;
		};
/* End PBXTargetDependency section */

/* Begin PBXVariantGroup section */
		7F793FFA21C143BB004F0809 /* Main.storyboard */ = {
			isa = PBXVariantGroup;
			children = (
				7F793FFB21C143BB004F0809 /* Base */,
			);
			name = Main.storyboard;
			sourceTree = "<group>";
		};
		7F793FFF21C143BC004F0809 /* LaunchScreen.storyboard */ = {
			isa = PBXVariantGroup;
			children = (
				7F79400021C143BC004F0809 /* Base */,
			);
			name = LaunchScreen.storyboard;
			sourceTree = "<group>";
		};
/* End PBXVariantGroup section */

/* Begin XCBuildConfiguration section */
		7F79401921C143BC004F0809 /* Debug */ = {
			isa = XCBuildConfiguration;
			buildSettings = {
				ALWAYS_SEARCH_USER_PATHS = NO;
				CLANG_ANALYZER_NONNULL = YES;
				CLANG_ANALYZER_NUMBER_OBJECT_CONVERSION = YES_AGGRESSIVE;
				CLANG_CXX_LANGUAGE_STANDARD = "gnu++14";
				CLANG_CXX_LIBRARY = "libc++";
				CLANG_ENABLE_MODULES = YES;
				CLANG_ENABLE_OBJC_ARC = YES;
				CLANG_ENABLE_OBJC_WEAK = YES;
				CLANG_WARN_BLOCK_CAPTURE_AUTORELEASING = YES;
				CLANG_WARN_BOOL_CONVERSION = YES;
				CLANG_WARN_COMMA = YES;
				CLANG_WARN_CONSTANT_CONVERSION = YES;
				CLANG_WARN_DEPRECATED_OBJC_IMPLEMENTATIONS = YES;
				CLANG_WARN_DIRECT_OBJC_ISA_USAGE = YES_ERROR;
				CLANG_WARN_DOCUMENTATION_COMMENTS = YES;
				CLANG_WARN_EMPTY_BODY = YES;
				CLANG_WARN_ENUM_CONVERSION = YES;
				CLANG_WARN_INFINITE_RECURSION = YES;
				CLANG_WARN_INT_CONVERSION = YES;
				CLANG_WARN_NON_LITERAL_NULL_CONVERSION = YES;
				CLANG_WARN_OBJC_IMPLICIT_RETAIN_SELF = YES;
				CLANG_WARN_OBJC_LITERAL_CONVERSION = YES;
				CLANG_WARN_OBJC_ROOT_CLASS = YES_ERROR;
				CLANG_WARN_RANGE_LOOP_ANALYSIS = YES;
				CLANG_WARN_STRICT_PROTOTYPES = YES;
				CLANG_WARN_SUSPICIOUS_MOVE = YES;
				CLANG_WARN_UNGUARDED_AVAILABILITY = YES_AGGRESSIVE;
				CLANG_WARN_UNREACHABLE_CODE = YES;
				CLANG_WARN__DUPLICATE_METHOD_MATCH = YES;
				CODE_SIGN_IDENTITY = "iPhone Developer";
				COPY_PHASE_STRIP = NO;
				DEBUG_INFORMATION_FORMAT = dwarf;
				ENABLE_STRICT_OBJC_MSGSEND = YES;
				ENABLE_TESTABILITY = YES;
				GCC_C_LANGUAGE_STANDARD = gnu11;
				GCC_DYNAMIC_NO_PIC = NO;
				GCC_NO_COMMON_BLOCKS = YES;
				GCC_OPTIMIZATION_LEVEL = 0;
				GCC_PREPROCESSOR_DEFINITIONS = (
					"DEBUG=1",
					"$(inherited)",
				);
				GCC_WARN_64_TO_32_BIT_CONVERSION = YES;
				GCC_WARN_ABOUT_RETURN_TYPE = YES_ERROR;
				GCC_WARN_UNDECLARED_SELECTOR = YES;
				GCC_WARN_UNINITIALIZED_AUTOS = YES_AGGRESSIVE;
				GCC_WARN_UNUSED_FUNCTION = YES;
				GCC_WARN_UNUSED_VARIABLE = YES;
				IPHONEOS_DEPLOYMENT_TARGET = 12.1;
				MTL_ENABLE_DEBUG_INFO = INCLUDE_SOURCE;
				MTL_FAST_MATH = YES;
				ONLY_ACTIVE_ARCH = YES;
				SDKROOT = iphoneos;
				SWIFT_ACTIVE_COMPILATION_CONDITIONS = DEBUG;
				SWIFT_OPTIMIZATION_LEVEL = "-Onone";
			};
			name = Debug;
		};
		7F79401A21C143BC004F0809 /* Release */ = {
			isa = XCBuildConfiguration;
			buildSettings = {
				ALWAYS_SEARCH_USER_PATHS = NO;
				CLANG_ANALYZER_NONNULL = YES;
				CLANG_ANALYZER_NUMBER_OBJECT_CONVERSION = YES_AGGRESSIVE;
				CLANG_CXX_LANGUAGE_STANDARD = "gnu++14";
				CLANG_CXX_LIBRARY = "libc++";
				CLANG_ENABLE_MODULES = YES;
				CLANG_ENABLE_OBJC_ARC = YES;
				CLANG_ENABLE_OBJC_WEAK = YES;
				CLANG_WARN_BLOCK_CAPTURE_AUTORELEASING = YES;
				CLANG_WARN_BOOL_CONVERSION = YES;
				CLANG_WARN_COMMA = YES;
				CLANG_WARN_CONSTANT_CONVERSION = YES;
				CLANG_WARN_DEPRECATED_OBJC_IMPLEMENTATIONS = YES;
				CLANG_WARN_DIRECT_OBJC_ISA_USAGE = YES_ERROR;
				CLANG_WARN_DOCUMENTATION_COMMENTS = YES;
				CLANG_WARN_EMPTY_BODY = YES;
				CLANG_WARN_ENUM_CONVERSION = YES;
				CLANG_WARN_INFINITE_RECURSION = YES;
				CLANG_WARN_INT_CONVERSION = YES;
				CLANG_WARN_NON_LITERAL_NULL_CONVERSION = YES;
				CLANG_WARN_OBJC_IMPLICIT_RETAIN_SELF = YES;
				CLANG_WARN_OBJC_LITERAL_CONVERSION = YES;
				CLANG_WARN_OBJC_ROOT_CLASS = YES_ERROR;
				CLANG_WARN_RANGE_LOOP_ANALYSIS = YES;
				CLANG_WARN_STRICT_PROTOTYPES = YES;
				CLANG_WARN_SUSPICIOUS_MOVE = YES;
				CLANG_WARN_UNGUARDED_AVAILABILITY = YES_AGGRESSIVE;
				CLANG_WARN_UNREACHABLE_CODE = YES;
				CLANG_WARN__DUPLICATE_METHOD_MATCH = YES;
				CODE_SIGN_IDENTITY = "iPhone Developer";
				COPY_PHASE_STRIP = NO;
				DEBUG_INFORMATION_FORMAT = "dwarf-with-dsym";
				ENABLE_NS_ASSERTIONS = NO;
				ENABLE_STRICT_OBJC_MSGSEND = YES;
				GCC_C_LANGUAGE_STANDARD = gnu11;
				GCC_NO_COMMON_BLOCKS = YES;
				GCC_WARN_64_TO_32_BIT_CONVERSION = YES;
				GCC_WARN_ABOUT_RETURN_TYPE = YES_ERROR;
				GCC_WARN_UNDECLARED_SELECTOR = YES;
				GCC_WARN_UNINITIALIZED_AUTOS = YES_AGGRESSIVE;
				GCC_WARN_UNUSED_FUNCTION = YES;
				GCC_WARN_UNUSED_VARIABLE = YES;
				IPHONEOS_DEPLOYMENT_TARGET = 12.1;
				MTL_ENABLE_DEBUG_INFO = NO;
				MTL_FAST_MATH = YES;
				SDKROOT = iphoneos;
				SWIFT_COMPILATION_MODE = wholemodule;
				SWIFT_OPTIMIZATION_LEVEL = "-O";
				VALIDATE_PRODUCT = YES;
			};
			name = Release;
		};
		7F79401C21C143BC004F0809 /* Debug */ = {
			isa = XCBuildConfiguration;
			buildSettings = {
				ASSETCATALOG_COMPILER_APPICON_NAME = AppIcon;
				CODE_SIGN_STYLE = Automatic;
				INFOPLIST_FILE = memoApp/Info.plist;
				LD_RUNPATH_SEARCH_PATHS = (
					"$(inherited)",
					"@executable_path/Frameworks",
				);
				PRODUCT_BUNDLE_IDENTIFIER = AppAcademia.memoApp;
				PRODUCT_NAME = "$(TARGET_NAME)";
				SWIFT_VERSION = 4.2;
				TARGETED_DEVICE_FAMILY = "1,2";
			};
			name = Debug;
		};
		7F79401D21C143BC004F0809 /* Release */ = {
			isa = XCBuildConfiguration;
			buildSettings = {
				ASSETCATALOG_COMPILER_APPICON_NAME = AppIcon;
				CODE_SIGN_STYLE = Automatic;
				INFOPLIST_FILE = memoApp/Info.plist;
				LD_RUNPATH_SEARCH_PATHS = (
					"$(inherited)",
					"@executable_path/Frameworks",
				);
				PRODUCT_BUNDLE_IDENTIFIER = AppAcademia.memoApp;
				PRODUCT_NAME = "$(TARGET_NAME)";
				SWIFT_VERSION = 4.2;
				TARGETED_DEVICE_FAMILY = "1,2";
			};
			name = Release;
		};
		7F79401F21C143BC004F0809 /* Debug */ = {
			isa = XCBuildConfiguration;
			buildSettings = {
				ALWAYS_EMBED_SWIFT_STANDARD_LIBRARIES = YES;
				BUNDLE_LOADER = "$(TEST_HOST)";
				CODE_SIGN_STYLE = Automatic;
				INFOPLIST_FILE = memoAppTests/Info.plist;
				LD_RUNPATH_SEARCH_PATHS = (
					"$(inherited)",
					"@executable_path/Frameworks",
					"@loader_path/Frameworks",
				);
				PRODUCT_BUNDLE_IDENTIFIER = AppAcademia.memoAppTests;
				PRODUCT_NAME = "$(TARGET_NAME)";
				SWIFT_VERSION = 4.2;
				TARGETED_DEVICE_FAMILY = "1,2";
				TEST_HOST = "$(BUILT_PRODUCTS_DIR)/memoApp.app/memoApp";
			};
			name = Debug;
		};
		7F79402021C143BC004F0809 /* Release */ = {
			isa = XCBuildConfiguration;
			buildSettings = {
				ALWAYS_EMBED_SWIFT_STANDARD_LIBRARIES = YES;
				BUNDLE_LOADER = "$(TEST_HOST)";
				CODE_SIGN_STYLE = Automatic;
				INFOPLIST_FILE = memoAppTests/Info.plist;
				LD_RUNPATH_SEARCH_PATHS = (
					"$(inherited)",
					"@executable_path/Frameworks",
					"@loader_path/Frameworks",
				);
				PRODUCT_BUNDLE_IDENTIFIER = AppAcademia.memoAppTests;
				PRODUCT_NAME = "$(TARGET_NAME)";
				SWIFT_VERSION = 4.2;
				TARGETED_DEVICE_FAMILY = "1,2";
				TEST_HOST = "$(BUILT_PRODUCTS_DIR)/memoApp.app/memoApp";
			};
			name = Release;
		};
		7F79402221C143BC004F0809 /* Debug */ = {
			isa = XCBuildConfiguration;
			buildSettings = {
				ALWAYS_EMBED_SWIFT_STANDARD_LIBRARIES = YES;
				CODE_SIGN_STYLE = Automatic;
				INFOPLIST_FILE = memoAppUITests/Info.plist;
				LD_RUNPATH_SEARCH_PATHS = (
					"$(inherited)",
					"@executable_path/Frameworks",
					"@loader_path/Frameworks",
				);
				PRODUCT_BUNDLE_IDENTIFIER = AppAcademia.memoAppUITests;
				PRODUCT_NAME = "$(TARGET_NAME)";
				SWIFT_VERSION = 4.2;
				TARGETED_DEVICE_FAMILY = "1,2";
				TEST_TARGET_NAME = memoApp;
			};
			name = Debug;
		};
		7F79402321C143BC004F0809 /* Release */ = {
			isa = XCBuildConfiguration;
			buildSettings = {
				ALWAYS_EMBED_SWIFT_STANDARD_LIBRARIES = YES;
				CODE_SIGN_STYLE = Automatic;
				INFOPLIST_FILE = memoAppUITests/Info.plist;
				LD_RUNPATH_SEARCH_PATHS = (
					"$(inherited)",
					"@executable_path/Frameworks",
					"@loader_path/Frameworks",
				);
				PRODUCT_BUNDLE_IDENTIFIER = AppAcademia.memoAppUITests;
				PRODUCT_NAME = "$(TARGET_NAME)";
				SWIFT_VERSION = 4.2;
				TARGETED_DEVICE_FAMILY = "1,2";
				TEST_TARGET_NAME = memoApp;
			};
			name = Release;
		};
/* End XCBuildConfiguration section */

/* Begin XCConfigurationList section */
		7F793FEE21C143BB004F0809 /* Build configuration list for PBXProject "memoApp" */ = {
			isa = XCConfigurationList;
			buildConfigurations = (
				7F79401921C143BC004F0809 /* Debug */,
				7F79401A21C143BC004F0809 /* Release */,
			);
			defaultConfigurationIsVisible = 0;
			defaultConfigurationName = Release;
		};
		7F79401B21C143BC004F0809 /* Build configuration list for PBXNativeTarget "memoApp" */ = {
			isa = XCConfigurationList;
			buildConfigurations = (
				7F79401C21C143BC004F0809 /* Debug */,
				7F79401D21C143BC004F0809 /* Release */,
			);
			defaultConfigurationIsVisible = 0;
			defaultConfigurationName = Release;
		};
		7F79401E21C143BC004F0809 /* Build configuration list for PBXNativeTarget "memoAppTests" */ = {
			isa = XCConfigurationList;
			buildConfigurations = (
				7F79401F21C143BC004F0809 /* Debug */,
				7F79402021C143BC004F0809 /* Release */,
			);
			defaultConfigurationIsVisible = 0;
			defaultConfigurationName = Release;
		};
		7F79402121C143BC004F0809 /* Build configuration list for PBXNativeTarget "memoAppUITests" */ = {
			isa = XCConfigurationList;
			buildConfigurations = (
				7F79402221C143BC004F0809 /* Debug */,
				7F79402321C143BC004F0809 /* Release */,
			);
			defaultConfigurationIsVisible = 0;
			defaultConfigurationName = Release;
		};
/* End XCConfigurationList section */
	};
	rootObject = 7F793FEB21C143BB004F0809 /* Project object */;
}
